<Solution>
  <Folder Name="/Solution Items/">
    <File Path="Deploy-Lambdas.ps1" />
    <File Path="EnviarALambda.ps1" />
    <File Path="VerLogs.ps1" />
    <File Path="VerLogsOrderProcessor.ps1" />
  </Folder>
  <Project Path="EmailNotifier.Lambda/EmailNotifier.Lambda.csproj" />
  <Project Path="OrderProcessor.Lambda/OrderProcessor.Lambda.csproj" />
</Solution>
